// !$*UTF8*$!
{
	archiveVersion = 1;
	classes = {
	};
	objectVersion = 46;
	objects = {

/* Begin PBXBuildFile section */
		4007D4691C3A266000ADC482 /* AddTableViewController.swift in Sources */ = {isa = PBXBuildFile; fileRef = 4007D4681C3A266000ADC482 /* AddTableViewController.swift */; settings = {ASSET_TAGS = (); }; };
		4007D4931C3A79A400ADC482 /* FoodPin.xcdatamodeld in Sources */ = {isa = PBXBuildFile; fileRef = 4007D4911C3A79A400ADC482 /* FoodPin.xcdatamodeld */; settings = {ASSET_TAGS = (); }; };
		4007D4941C3FF62300ADC482 /* AppDelegate.swift in Sources */ = {isa = PBXBuildFile; fileRef = 40C765FB1C37BDC300FEBEEA /* AppDelegate.swift */; settings = {ASSET_TAGS = (); }; };
		4007D4961C413A5300ADC482 /* PageContentViewController.swift in Sources */ = {isa = PBXBuildFile; fileRef = 4007D4951C413A5300ADC482 /* PageContentViewController.swift */; settings = {ASSET_TAGS = (); }; };
		4007D4981C413D3F00ADC482 /* PageViewController.swift in Sources */ = {isa = PBXBuildFile; fileRef = 4007D4971C413D3F00ADC482 /* PageViewController.swift */; settings = {ASSET_TAGS = (); }; };
		4007D49E1C41F13200ADC482 /* Assets.xcassets in Resources */ = {isa = PBXBuildFile; fileRef = 4007D49D1C41F13200ADC482 /* Assets.xcassets */; settings = {ASSET_TAGS = (); }; };
		4007D4A01C41F87700ADC482 /* Images.xcassets in Resources */ = {isa = PBXBuildFile; fileRef = 4007D49F1C41F87700ADC482 /* Images.xcassets */; settings = {ASSET_TAGS = (); }; };
		4007D4A21C41FADE00ADC482 /* AboutViewController.swift in Sources */ = {isa = PBXBuildFile; fileRef = 4007D4A11C41FADE00ADC482 /* AboutViewController.swift */; settings = {ASSET_TAGS = (); }; };
		4007D4A41C41FB0C00ADC482 /* WebViewController.swift in Sources */ = {isa = PBXBuildFile; fileRef = 4007D4A31C41FB0C00ADC482 /* WebViewController.swift */; settings = {ASSET_TAGS = (); }; };
		4007D4A61C4201E400ADC482 /* home.html in Resources */ = {isa = PBXBuildFile; fileRef = 4007D4A51C4201E400ADC482 /* home.html */; settings = {ASSET_TAGS = (); }; };
		404BF2C31C420909006504FA /* jquery.min.js in Resources */ = {isa = PBXBuildFile; fileRef = 404BF2C21C420909006504FA /* jquery.min.js */; settings = {ASSET_TAGS = (); }; };
		408C997C1C427F9E00E86713 /* Localizable.strings in Resources */ = {isa = PBXBuildFile; fileRef = 408C997E1C427F9E00E86713 /* Localizable.strings */; };
		408C99821C427F9F00E86713 /* InfoPlist.strings in Resources */ = {isa = PBXBuildFile; fileRef = 408C99841C427F9F00E86713 /* InfoPlist.strings */; };
		408C998C1C42832300E86713 /* aboutfoodpin.png in Resources */ = {isa = PBXBuildFile; fileRef = 408C998E1C42832300E86713 /* aboutfoodpin.png */; };
		40C766011C37BDC300FEBEEA /* Main.storyboard in Resources */ = {isa = PBXBuildFile; fileRef = 40C765FF1C37BDC300FEBEEA /* Main.storyboard */; };
		40C766061C37BDC300FEBEEA /* LaunchScreen.storyboard in Resources */ = {isa = PBXBuildFile; fileRef = 40C766041C37BDC300FEBEEA /* LaunchScreen.storyboard */; };
		40C7660E1C37BF3500FEBEEA /* RestaurantTableViewController.swift in Sources */ = {isa = PBXBuildFile; fileRef = 40C7660D1C37BF3500FEBEEA /* RestaurantTableViewController.swift */; settings = {ASSET_TAGS = (); }; };
		40C766101C37C82400FEBEEA /* CustomTableViewCell.swift in Sources */ = {isa = PBXBuildFile; fileRef = 40C7660F1C37C82400FEBEEA /* CustomTableViewCell.swift */; settings = {ASSET_TAGS = (); }; };
		40E1BA011C38BB2300C2FD75 /* DetailViewController.swift in Sources */ = {isa = PBXBuildFile; fileRef = 40E1BA001C38BB2300C2FD75 /* DetailViewController.swift */; settings = {ASSET_TAGS = (); }; };
		40E1BA031C38D36000C2FD75 /* Restaurant.swift in Sources */ = {isa = PBXBuildFile; fileRef = 40E1BA021C38D36000C2FD75 /* Restaurant.swift */; settings = {ASSET_TAGS = (); }; };
		40E1BA071C38E66600C2FD75 /* DetailTableViewCell.swift in Sources */ = {isa = PBXBuildFile; fileRef = 40E1BA061C38E66600C2FD75 /* DetailTableViewCell.swift */; settings = {ASSET_TAGS = (); }; };
		40E1BA091C395A9300C2FD75 /* ReviewViewController.swift in Sources */ = {isa = PBXBuildFile; fileRef = 40E1BA081C395A9300C2FD75 /* ReviewViewController.swift */; settings = {ASSET_TAGS = (); }; };
		40E1BA0B1C39700F00C2FD75 /* ShareViewController.swift in Sources */ = {isa = PBXBuildFile; fileRef = 40E1BA0A1C39700F00C2FD75 /* ShareViewController.swift */; settings = {ASSET_TAGS = (); }; };
		40E1BA0D1C39727900C2FD75 /* MapKit.framework in Frameworks */ = {isa = PBXBuildFile; fileRef = 40E1BA0C1C39727900C2FD75 /* MapKit.framework */; };
		40E1BA111C3A0D3D00C2FD75 /* MapViewController.swift in Sources */ = {isa = PBXBuildFile; fileRef = 40E1BA101C3A0D3D00C2FD75 /* MapViewController.swift */; settings = {ASSET_TAGS = (); }; };
/* End PBXBuildFile section */

/* Begin PBXFileReference section */
		4007D4681C3A266000ADC482 /* AddTableViewController.swift */ = {isa = PBXFileReference; fileEncoding = 4; lastKnownFileType = sourcecode.swift; path = AddTableViewController.swift; sourceTree = "<group>"; };
		4007D4921C3A79A400ADC482 /* FoodPin.xcdatamodel */ = {isa = PBXFileReference; lastKnownFileType = wrapper.xcdatamodel; path = FoodPin.xcdatamodel; sourceTree = "<group>"; };
		4007D4951C413A5300ADC482 /* PageContentViewController.swift */ = {isa = PBXFileReference; fileEncoding = 4; lastKnownFileType = sourcecode.swift; path = PageContentViewController.swift; sourceTree = "<group>"; };
		4007D4971C413D3F00ADC482 /* PageViewController.swift */ = {isa = PBXFileReference; fileEncoding = 4; lastKnownFileType = sourcecode.swift; path = PageViewController.swift; sourceTree = "<group>"; };
		4007D49D1C41F13200ADC482 /* Assets.xcassets */ = {isa = PBXFileReference; lastKnownFileType = folder.assetcatalog; path = Assets.xcassets; sourceTree = "<group>"; };
		4007D49F1C41F87700ADC482 /* Images.xcassets */ = {isa = PBXFileReference; lastKnownFileType = folder.assetcatalog; path = Images.xcassets; sourceTree = "<group>"; };
		4007D4A11C41FADE00ADC482 /* AboutViewController.swift */ = {isa = PBXFileReference; fileEncoding = 4; lastKnownFileType = sourcecode.swift; path = AboutViewController.swift; sourceTree = "<group>"; };
		4007D4A31C41FB0C00ADC482 /* WebViewController.swift */ = {isa = PBXFileReference; fileEncoding = 4; lastKnownFileType = sourcecode.swift; path = WebViewController.swift; sourceTree = "<group>"; };
		4007D4A51C4201E400ADC482 /* home.html */ = {isa = PBXFileReference; fileEncoding = 4; lastKnownFileType = text.html; path = home.html; sourceTree = "<group>"; };
		404BF2C21C420909006504FA /* jquery.min.js */ = {isa = PBXFileReference; fileEncoding = 4; lastKnownFileType = sourcecode.javascript; path = jquery.min.js; sourceTree = "<group>"; };
		408C997D1C427F9E00E86713 /* de */ = {isa = PBXFileReference; lastKnownFileType = text.plist.strings; name = de; path = de.lproj/Localizable.strings; sourceTree = "<group>"; };
		408C997F1C427F9E00E86713 /* de */ = {isa = PBXFileReference; lastKnownFileType = text.plist.strings; name = de; path = de.lproj/Main.strings; sourceTree = "<group>"; };
		408C99831C427F9F00E86713 /* de */ = {isa = PBXFileReference; lastKnownFileType = text.plist.strings; name = de; path = de.lproj/InfoPlist.strings; sourceTree = "<group>"; };
		408C99851C427F9F00E86713 /* de */ = {isa = PBXFileReference; lastKnownFileType = text.plist.strings; name = de; path = de.lproj/LaunchScreen.strings; sourceTree = "<group>"; };
		408C99861C42806400E86713 /* ja */ = {isa = PBXFileReference; lastKnownFileType = text.plist.strings; name = ja; path = ja.lproj/Localizable.strings; sourceTree = "<group>"; };
		408C99871C42806500E86713 /* ja */ = {isa = PBXFileReference; lastKnownFileType = text.plist.strings; name = ja; path = ja.lproj/Main.strings; sourceTree = "<group>"; };
		408C99881C42806500E86713 /* ja */ = {isa = PBXFileReference; lastKnownFileType = text.plist.strings; name = ja; path = ja.lproj/LaunchScreen.strings; sourceTree = "<group>"; };
		408C99891C42806500E86713 /* ja */ = {isa = PBXFileReference; lastKnownFileType = text.plist.strings; name = ja; path = ja.lproj/InfoPlist.strings; sourceTree = "<group>"; };
		408C998D1C42832300E86713 /* Base */ = {isa = PBXFileReference; lastKnownFileType = image.png; name = Base; path = Base.lproj/aboutfoodpin.png; sourceTree = "<group>"; };
		408C998F1C42833900E86713 /* de */ = {isa = PBXFileReference; lastKnownFileType = image.png; name = de; path = de.lproj/aboutfoodpin.png; sourceTree = "<group>"; };
		408C99901C42833B00E86713 /* ja */ = {isa = PBXFileReference; lastKnownFileType = image.png; name = ja; path = ja.lproj/aboutfoodpin.png; sourceTree = "<group>"; };
		40C765F81C37BDC300FEBEEA /* FoodPin.app */ = {isa = PBXFileReference; explicitFileType = wrapper.application; includeInIndex = 0; path = FoodPin.app; sourceTree = BUILT_PRODUCTS_DIR; };
		40C765FB1C37BDC300FEBEEA /* AppDelegate.swift */ = {isa = PBXFileReference; lastKnownFileType = sourcecode.swift; path = AppDelegate.swift; sourceTree = "<group>"; };
		40C766001C37BDC300FEBEEA /* Base */ = {isa = PBXFileReference; lastKnownFileType = file.storyboard; name = Base; path = Base.lproj/Main.storyboard; sourceTree = "<group>"; };
		40C766051C37BDC300FEBEEA /* Base */ = {isa = PBXFileReference; lastKnownFileType = file.storyboard; name = Base; path = Base.lproj/LaunchScreen.storyboard; sourceTree = "<group>"; };
		40C766071C37BDC300FEBEEA /* Info.plist */ = {isa = PBXFileReference; lastKnownFileType = text.plist.xml; path = Info.plist; sourceTree = "<group>"; };
		40C7660D1C37BF3500FEBEEA /* RestaurantTableViewController.swift */ = {isa = PBXFileReference; fileEncoding = 4; lastKnownFileType = sourcecode.swift; path = RestaurantTableViewController.swift; sourceTree = "<group>"; };
		40C7660F1C37C82400FEBEEA /* CustomTableViewCell.swift */ = {isa = PBXFileReference; fileEncoding = 4; lastKnownFileType = sourcecode.swift; path = CustomTableViewCell.swift; sourceTree = "<group>"; };
		40E1BA001C38BB2300C2FD75 /* DetailViewController.swift */ = {isa = PBXFileReference; fileEncoding = 4; lastKnownFileType = sourcecode.swift; path = DetailViewController.swift; sourceTree = "<group>"; };
		40E1BA021C38D36000C2FD75 /* Restaurant.swift */ = {isa = PBXFileReference; fileEncoding = 4; lastKnownFileType = sourcecode.swift; name = Restaurant.swift; path = ../Restaurant.swift; sourceTree = "<group>"; };
		40E1BA061C38E66600C2FD75 /* DetailTableViewCell.swift */ = {isa = PBXFileReference; fileEncoding = 4; lastKnownFileType = sourcecode.swift; path = DetailTableViewCell.swift; sourceTree = "<group>"; };
		40E1BA081C395A9300C2FD75 /* ReviewViewController.swift */ = {isa = PBXFileReference; fileEncoding = 4; lastKnownFileType = sourcecode.swift; path = ReviewViewController.swift; sourceTree = "<group>"; };
		40E1BA0A1C39700F00C2FD75 /* ShareViewController.swift */ = {isa = PBXFileReference; fileEncoding = 4; lastKnownFileType = sourcecode.swift; path = ShareViewController.swift; sourceTree = "<group>"; };
		40E1BA0C1C39727900C2FD75 /* MapKit.framework */ = {isa = PBXFileReference; lastKnownFileType = wrapper.framework; name = MapKit.framework; path = System/Library/Frameworks/MapKit.framework; sourceTree = SDKROOT; };
		40E1BA101C3A0D3D00C2FD75 /* MapViewController.swift */ = {isa = PBXFileReference; fileEncoding = 4; lastKnownFileType = sourcecode.swift; path = MapViewController.swift; sourceTree = "<group>"; };
/* End PBXFileReference section */

/* Begin PBXFrameworksBuildPhase section */
		40C765F51C37BDC300FEBEEA /* Frameworks */ = {
			isa = PBXFrameworksBuildPhase;
			buildActionMask = 2147483647;
			files = (
				40E1BA0D1C39727900C2FD75 /* MapKit.framework in Frameworks */,
			);
			runOnlyForDeploymentPostprocessing = 0;
		};
/* End PBXFrameworksBuildPhase section */

/* Begin PBXGroup section */
		40C765EF1C37BDC300FEBEEA = {
			isa = PBXGroup;
			children = (
				40E1BA0C1C39727900C2FD75 /* MapKit.framework */,
				40C765FA1C37BDC300FEBEEA /* FoodPin */,
				40C765F91C37BDC300FEBEEA /* Products */,
			);
			sourceTree = "<group>";
		};
		40C765F91C37BDC300FEBEEA /* Products */ = {
			isa = PBXGroup;
			children = (
				40C765F81C37BDC300FEBEEA /* FoodPin.app */,
			);
			name = Products;
			sourceTree = "<group>";
		};
		40C765FA1C37BDC300FEBEEA /* FoodPin */ = {
			isa = PBXGroup;
			children = (
				408C998E1C42832300E86713 /* aboutfoodpin.png */,
				408C99841C427F9F00E86713 /* InfoPlist.strings */,
				408C997E1C427F9E00E86713 /* Localizable.strings */,
				40E1BA021C38D36000C2FD75 /* Restaurant.swift */,
				40C765FB1C37BDC300FEBEEA /* AppDelegate.swift */,
				40C765FF1C37BDC300FEBEEA /* Main.storyboard */,
				40C766041C37BDC300FEBEEA /* LaunchScreen.storyboard */,
				40C766071C37BDC300FEBEEA /* Info.plist */,
				40C7660D1C37BF3500FEBEEA /* RestaurantTableViewController.swift */,
				40C7660F1C37C82400FEBEEA /* CustomTableViewCell.swift */,
				40E1BA001C38BB2300C2FD75 /* DetailViewController.swift */,
				40E1BA061C38E66600C2FD75 /* DetailTableViewCell.swift */,
				40E1BA081C395A9300C2FD75 /* ReviewViewController.swift */,
				40E1BA0A1C39700F00C2FD75 /* ShareViewController.swift */,
				40E1BA101C3A0D3D00C2FD75 /* MapViewController.swift */,
				4007D4681C3A266000ADC482 /* AddTableViewController.swift */,
				4007D4911C3A79A400ADC482 /* FoodPin.xcdatamodeld */,
				4007D4951C413A5300ADC482 /* PageContentViewController.swift */,
				4007D4971C413D3F00ADC482 /* PageViewController.swift */,
				4007D49D1C41F13200ADC482 /* Assets.xcassets */,
				4007D49F1C41F87700ADC482 /* Images.xcassets */,
				4007D4A11C41FADE00ADC482 /* AboutViewController.swift */,
				4007D4A31C41FB0C00ADC482 /* WebViewController.swift */,
				4007D4A51C4201E400ADC482 /* home.html */,
				404BF2C21C420909006504FA /* jquery.min.js */,
			);
			path = FoodPin;
			sourceTree = "<group>";
		};
/* End PBXGroup section */

/* Begin PBXNativeTarget section */
		40C765F71C37BDC300FEBEEA /* FoodPin */ = {
			isa = PBXNativeTarget;
			buildConfigurationList = 40C7660A1C37BDC300FEBEEA /* Build configuration list for PBXNativeTarget "FoodPin" */;
			buildPhases = (
				40C765F41C37BDC300FEBEEA /* Sources */,
				40C765F51C37BDC300FEBEEA /* Frameworks */,
				40C765F61C37BDC300FEBEEA /* Resources */,
			);
			buildRules = (
			);
			dependencies = (
			);
			name = FoodPin;
			productName = FoodPin;
			productReference = 40C765F81C37BDC300FEBEEA /* FoodPin.app */;
			productType = "com.apple.product-type.application";
		};
/* End PBXNativeTarget section */

/* Begin PBXProject section */
		40C765F01C37BDC300FEBEEA /* Project object */ = {
			isa = PBXProject;
			attributes = {
				LastUpgradeCheck = 0700;
				ORGANIZATIONNAME = ThuraAung;
				TargetAttributes = {
					40C765F71C37BDC300FEBEEA = {
						CreatedOnToolsVersion = 7.0.1;
						DevelopmentTeam = 9PSJ842HYH;
						SystemCapabilities = {
							com.apple.Maps.iOS = {
								enabled = 1;
							};
						};
					};
				};
			};
			buildConfigurationList = 40C765F31C37BDC300FEBEEA /* Build configuration list for PBXProject "FoodPin" */;
			compatibilityVersion = "Xcode 3.2";
			developmentRegion = English;
			hasScannedForEncodings = 0;
			knownRegions = (
				en,
				Base,
				de,
				ja,
			);
			mainGroup = 40C765EF1C37BDC300FEBEEA;
			productRefGroup = 40C765F91C37BDC300FEBEEA /* Products */;
			projectDirPath = "";
			projectRoot = "";
			targets = (
				40C765F71C37BDC300FEBEEA /* FoodPin */,
			);
		};
/* End PBXProject section */

/* Begin PBXResourcesBuildPhase section */
		40C765F61C37BDC300FEBEEA /* Resources */ = {
			isa = PBXResourcesBuildPhase;
			buildActionMask = 2147483647;
			files = (
				40C766061C37BDC300FEBEEA /* LaunchScreen.storyboard in Resources */,
				408C99821C427F9F00E86713 /* InfoPlist.strings in Resources */,
				4007D4A61C4201E400ADC482 /* home.html in Resources */,
				4007D4A01C41F87700ADC482 /* Images.xcassets in Resources */,
				408C998C1C42832300E86713 /* aboutfoodpin.png in Resources */,
				408C997C1C427F9E00E86713 /* Localizable.strings in Resources */,
				4007D49E1C41F13200ADC482 /* Assets.xcassets in Resources */,
				404BF2C31C420909006504FA /* jquery.min.js in Resources */,
				40C766011C37BDC300FEBEEA /* Main.storyboard in Resources */,
			);
			runOnlyForDeploymentPostprocessing = 0;
		};
/* End PBXResourcesBuildPhase section */

/* Begin PBXSourcesBuildPhase section */
		40C765F41C37BDC300FEBEEA /* Sources */ = {
			isa = PBXSourcesBuildPhase;
			buildActionMask = 2147483647;
			files = (
				4007D4941C3FF62300ADC482 /* AppDelegate.swift in Sources */,
				40E1BA071C38E66600C2FD75 /* DetailTableViewCell.swift in Sources */,
				4007D4931C3A79A400ADC482 /* FoodPin.xcdatamodeld in Sources */,
				40E1BA031C38D36000C2FD75 /* Restaurant.swift in Sources */,
				40E1BA091C395A9300C2FD75 /* ReviewViewController.swift in Sources */,
				40C766101C37C82400FEBEEA /* CustomTableViewCell.swift in Sources */,
				40E1BA111C3A0D3D00C2FD75 /* MapViewController.swift in Sources */,
				40C7660E1C37BF3500FEBEEA /* RestaurantTableViewController.swift in Sources */,
				40E1BA0B1C39700F00C2FD75 /* ShareViewController.swift in Sources */,
				4007D4961C413A5300ADC482 /* PageContentViewController.swift in Sources */,
				4007D4A21C41FADE00ADC482 /* AboutViewController.swift in Sources */,
				4007D4981C413D3F00ADC482 /* PageViewController.swift in Sources */,
				40E1BA011C38BB2300C2FD75 /* DetailViewController.swift in Sources */,
				4007D4A41C41FB0C00ADC482 /* WebViewController.swift in Sources */,
				4007D4691C3A266000ADC482 /* AddTableViewController.swift in Sources */,
			);
			runOnlyForDeploymentPostprocessing = 0;
		};
/* End PBXSourcesBuildPhase section */

/* Begin PBXVariantGroup section */
		408C997E1C427F9E00E86713 /* Localizable.strings */ = {
			isa = PBXVariantGroup;
			children = (
				408C997D1C427F9E00E86713 /* de */,
				408C99861C42806400E86713 /* ja */,
			);
			name = Localizable.strings;
			sourceTree = "<group>";
		};
		408C99841C427F9F00E86713 /* InfoPlist.strings */ = {
			isa = PBXVariantGroup;
			children = (
				408C99831C427F9F00E86713 /* de */,
				408C99891C42806500E86713 /* ja */,
			);
			name = InfoPlist.strings;
			sourceTree = "<group>";
		};
		408C998E1C42832300E86713 /* aboutfoodpin.png */ = {
			isa = PBXVariantGroup;
			children = (
				408C998D1C42832300E86713 /* Base */,
				408C998F1C42833900E86713 /* de */,
				408C99901C42833B00E86713 /* ja */,
			);
			name = aboutfoodpin.png;
			sourceTree = "<group>";
		};
		40C765FF1C37BDC300FEBEEA /* Main.storyboard */ = {
			isa = PBXVariantGroup;
			children = (
				40C766001C37BDC300FEBEEA /* Base */,
				408C997F1C427F9E00E86713 /* de */,
				408C99871C42806500E86713 /* ja */,
			);
			name = Main.storyboard;
			sourceTree = "<group>";
		};
		40C766041C37BDC300FEBEEA /* LaunchScreen.storyboard */ = {
			isa = PBXVariantGroup;
			children = (
				40C766051C37BDC300FEBEEA /* Base */,
				408C99851C427F9F00E86713 /* de */,
				408C99881C42806500E86713 /* ja */,
			);
			name = LaunchScreen.storyboard;
			sourceTree = "<group>";
		};
/* End PBXVariantGroup section */

/* Begin XCBuildConfiguration section */
		40C766081C37BDC300FEBEEA /* Debug */ = {
			isa = XCBuildConfiguration;
			buildSettings = {
				ALWAYS_SEARCH_USER_PATHS = NO;
				CLANG_CXX_LANGUAGE_STANDARD = "gnu++0x";
				CLANG_CXX_LIBRARY = "libc++";
				CLANG_ENABLE_MODULES = YES;
				CLANG_ENABLE_OBJC_ARC = YES;
				CLANG_WARN_BOOL_CONVERSION = YES;
				CLANG_WARN_CONSTANT_CONVERSION = YES;
				CLANG_WARN_DIRECT_OBJC_ISA_USAGE = YES_ERROR;
				CLANG_WARN_EMPTY_BODY = YES;
				CLANG_WARN_ENUM_CONVERSION = YES;
				CLANG_WARN_INT_CONVERSION = YES;
				CLANG_WARN_OBJC_ROOT_CLASS = YES_ERROR;
				CLANG_WARN_UNREACHABLE_CODE = YES;
				CLANG_WARN__DUPLICATE_METHOD_MATCH = YES;
				"CODE_SIGN_IDENTITY[sdk=iphoneos*]" = "iPhone Developer";
				COPY_PHASE_STRIP = NO;
				DEBUG_INFORMATION_FORMAT = dwarf;
				ENABLE_STRICT_OBJC_MSGSEND = YES;
				ENABLE_TESTABILITY = YES;
				GCC_C_LANGUAGE_STANDARD = gnu99;
				GCC_DYNAMIC_NO_PIC = NO;
				GCC_NO_COMMON_BLOCKS = YES;
				GCC_OPTIMIZATION_LEVEL = 0;
				GCC_PREPROCESSOR_DEFINITIONS = (
					"DEBUG=1",
					"$(inherited)",
				);
				GCC_WARN_64_TO_32_BIT_CONVERSION = YES;
				GCC_WARN_ABOUT_RETURN_TYPE = YES_ERROR;
				GCC_WARN_UNDECLARED_SELECTOR = YES;
				GCC_WARN_UNINITIALIZED_AUTOS = YES_AGGRESSIVE;
				GCC_WARN_UNUSED_FUNCTION = YES;
				GCC_WARN_UNUSED_VARIABLE = YES;
				IPHONEOS_DEPLOYMENT_TARGET = 9.0;
				MTL_ENABLE_DEBUG_INFO = YES;
				ONLY_ACTIVE_ARCH = YES;
				SDKROOT = iphoneos;
				SWIFT_OPTIMIZATION_LEVEL = "-Onone";
			};
			name = Debug;
		};
		40C766091C37BDC300FEBEEA /* Release */ = {
			isa = XCBuildConfiguration;
			buildSettings = {
				ALWAYS_SEARCH_USER_PATHS = NO;
				CLANG_CXX_LANGUAGE_STANDARD = "gnu++0x";
				CLANG_CXX_LIBRARY = "libc++";
				CLANG_ENABLE_MODULES = YES;
				CLANG_ENABLE_OBJC_ARC = YES;
				CLANG_WARN_BOOL_CONVERSION = YES;
				CLANG_WARN_CONSTANT_CONVERSION = YES;
				CLANG_WARN_DIRECT_OBJC_ISA_USAGE = YES_ERROR;
				CLANG_WARN_EMPTY_BODY = YES;
				CLANG_WARN_ENUM_CONVERSION = YES;
				CLANG_WARN_INT_CONVERSION = YES;
				CLANG_WARN_OBJC_ROOT_CLASS = YES_ERROR;
				CLANG_WARN_UNREACHABLE_CODE = YES;
				CLANG_WARN__DUPLICATE_METHOD_MATCH = YES;
				"CODE_SIGN_IDENTITY[sdk=iphoneos*]" = "iPhone Developer";
				COPY_PHASE_STRIP = NO;
				DEBUG_INFORMATION_FORMAT = "dwarf-with-dsym";
				ENABLE_NS_ASSERTIONS = NO;
				ENABLE_STRICT_OBJC_MSGSEND = YES;
				GCC_C_LANGUAGE_STANDARD = gnu99;
				GCC_NO_COMMON_BLOCKS = YES;
				GCC_WARN_64_TO_32_BIT_CONVERSION = YES;
				GCC_WARN_ABOUT_RETURN_TYPE = YES_ERROR;
				GCC_WARN_UNDECLARED_SELECTOR = YES;
				GCC_WARN_UNINITIALIZED_AUTOS = YES_AGGRESSIVE;
				GCC_WARN_UNUSED_FUNCTION = YES;
				GCC_WARN_UNUSED_VARIABLE = YES;
				IPHONEOS_DEPLOYMENT_TARGET = 9.0;
				MTL_ENABLE_DEBUG_INFO = NO;
				SDKROOT = iphoneos;
				VALIDATE_PRODUCT = YES;
			};
			name = Release;
		};
		40C7660B1C37BDC300FEBEEA /* Debug */ = {
			isa = XCBuildConfiguration;
			buildSettings = {
				ASSETCATALOG_COMPILER_APPICON_NAME = AppIcon;
				INFOPLIST_FILE = FoodPin/Info.plist;
				LD_RUNPATH_SEARCH_PATHS = "$(inherited) @executable_path/Frameworks";
				PRODUCT_BUNDLE_IDENTIFIER = edu.thura.FoodPin;
				PRODUCT_NAME = "$(TARGET_NAME)";
			};
			name = Debug;
		};
		40C7660C1C37BDC300FEBEEA /* Release */ = {
			isa = XCBuildConfiguration;
			buildSettings = {
				ASSETCATALOG_COMPILER_APPICON_NAME = AppIcon;
				INFOPLIST_FILE = FoodPin/Info.plist;
				LD_RUNPATH_SEARCH_PATHS = "$(inherited) @executable_path/Frameworks";
				PRODUCT_BUNDLE_IDENTIFIER = edu.thura.FoodPin;
				PRODUCT_NAME = "$(TARGET_NAME)";
			};
			name = Release;
		};
/* End XCBuildConfiguration section */

/* Begin XCConfigurationList section */
		40C765F31C37BDC300FEBEEA /* Build configuration list for PBXProject "FoodPin" */ = {
			isa = XCConfigurationList;
			buildConfigurations = (
				40C766081C37BDC300FEBEEA /* Debug */,
				40C766091C37BDC300FEBEEA /* Release */,
			);
			defaultConfigurationIsVisible = 0;
			defaultConfigurationName = Release;
		};
		40C7660A1C37BDC300FEBEEA /* Build configuration list for PBXNativeTarget "FoodPin" */ = {
			isa = XCConfigurationList;
			buildConfigurations = (
				40C7660B1C37BDC300FEBEEA /* Debug */,
				40C7660C1C37BDC300FEBEEA /* Release */,
			);
			defaultConfigurationIsVisible = 0;
			defaultConfigurationName = Release;
		};
/* End XCConfigurationList section */

/* Begin XCVersionGroup section */
		4007D4911C3A79A400ADC482 /* FoodPin.xcdatamodeld */ = {
			isa = XCVersionGroup;
			children = (
				4007D4921C3A79A400ADC482 /* FoodPin.xcdatamodel */,
			);
			currentVersion = 4007D4921C3A79A400ADC482 /* FoodPin.xcdatamodel */;
			path = FoodPin.xcdatamodeld;
			sourceTree = "<group>";
			versionGroupType = wrapper.xcdatamodel;
		};
/* End XCVersionGroup section */
	};
	rootObject = 40C765F01C37BDC300FEBEEA /* Project object */;
}
