// !$*UTF8*$!
{
	archiveVersion = 1;
	classes = {
	};
	objectVersion = 46;
	objects = {

/* Begin PBXBuildFile section */
		40C765FC1C37BDC300FEBEEA /* AppDelegate.swift in Sources */ = {isa = PBXBuildFile; fileRef = 40C765FB1C37BDC300FEBEEA /* AppDelegate.swift */; };
		40C766011C37BDC300FEBEEA /* Main.storyboard in Resources */ = {isa = PBXBuildFile; fileRef = 40C765FF1C37BDC300FEBEEA /* Main.storyboard */; };
		40C766031C37BDC300FEBEEA /* Assets.xcassets in Resources */ = {isa = PBXBuildFile; fileRef = 40C766021C37BDC300FEBEEA /* Assets.xcassets */; };
		40C766061C37BDC300FEBEEA /* LaunchScreen.storyboard in Resources */ = {isa = PBXBuildFile; fileRef = 40C766041C37BDC300FEBEEA /* LaunchScreen.storyboard */; };
		40C7660E1C37BF3500FEBEEA /* RestaurantTableViewController.swift in Sources */ = {isa = PBXBuildFile; fileRef = 40C7660D1C37BF3500FEBEEA /* RestaurantTableViewController.swift */; settings = {ASSET_TAGS = (); }; };
		40C766101C37C82400FEBEEA /* CustomTableViewCell.swift in Sources */ = {isa = PBXBuildFile; fileRef = 40C7660F1C37C82400FEBEEA /* CustomTableViewCell.swift */; settings = {ASSET_TAGS = (); }; };
		40E1BA011C38BB2300C2FD75 /* DetailViewController.swift in Sources */ = {isa = PBXBuildFile; fileRef = 40E1BA001C38BB2300C2FD75 /* DetailViewController.swift */; settings = {ASSET_TAGS = (); }; };
		40E1BA031C38D36000C2FD75 /* Restaurant.swift in Sources */ = {isa = PBXBuildFile; fileRef = 40E1BA021C38D36000C2FD75 /* Restaurant.swift */; settings = {ASSET_TAGS = (); }; };
		40E1BA071C38E66600C2FD75 /* DetailTableViewCell.swift in Sources */ = {isa = PBXBuildFile; fileRef = 40E1BA061C38E66600C2FD75 /* DetailTableViewCell.swift */; settings = {ASSET_TAGS = (); }; };
/* End PBXBuildFile section */

/* Begin PBXFileReference section */
		40C765F81C37BDC300FEBEEA /* FoodPin.app */ = {isa = PBXFileReference; explicitFileType = wrapper.application; includeInIndex = 0; path = FoodPin.app; sourceTree = BUILT_PRODUCTS_DIR; };
		40C765FB1C37BDC300FEBEEA /* AppDelegate.swift */ = {isa = PBXFileReference; lastKnownFileType = sourcecode.swift; path = AppDelegate.swift; sourceTree = "<group>"; };
		40C766001C37BDC300FEBEEA /* Base */ = {isa = PBXFileReference; lastKnownFileType = file.storyboard; name = Base; path = Base.lproj/Main.storyboard; sourceTree = "<group>"; };
		40C766021C37BDC300FEBEEA /* Assets.xcassets */ = {isa = PBXFileReference; lastKnownFileType = folder.assetcatalog; path = Assets.xcassets; sourceTree = "<group>"; };
		40C766051C37BDC300FEBEEA /* Base */ = {isa = PBXFileReference; lastKnownFileType = file.storyboard; name = Base; path = Base.lproj/LaunchScreen.storyboard; sourceTree = "<group>"; };
		40C766071C37BDC300FEBEEA /* Info.plist */ = {isa = PBXFileReference; lastKnownFileType = text.plist.xml; path = Info.plist; sourceTree = "<group>"; };
		40C7660D1C37BF3500FEBEEA /* RestaurantTableViewController.swift */ = {isa = PBXFileReference; fileEncoding = 4; lastKnownFileType = sourcecode.swift; path = RestaurantTableViewController.swift; sourceTree = "<group>"; };
		40C7660F1C37C82400FEBEEA /* CustomTableViewCell.swift */ = {isa = PBXFileReference; fileEncoding = 4; lastKnownFileType = sourcecode.swift; path = CustomTableViewCell.swift; sourceTree = "<group>"; };
		40E1BA001C38BB2300C2FD75 /* DetailViewController.swift */ = {isa = PBXFileReference; fileEncoding = 4; lastKnownFileType = sourcecode.swift; path = DetailViewController.swift; sourceTree = "<group>"; };
		40E1BA021C38D36000C2FD75 /* Restaurant.swift */ = {isa = PBXFileReference; fileEncoding = 4; lastKnownFileType = sourcecode.swift; name = Restaurant.swift; path = ../Restaurant.swift; sourceTree = "<group>"; };
		40E1BA061C38E66600C2FD75 /* DetailTableViewCell.swift */ = {isa = PBXFileReference; fileEncoding = 4; lastKnownFileType = sourcecode.swift; path = DetailTableViewCell.swift; sourceTree = "<group>"; };
/* End PBXFileReference section */

/* Begin PBXFrameworksBuildPhase section */
		40C765F51C37BDC300FEBEEA /* Frameworks */ = {
			isa = PBXFrameworksBuildPhase;
			buildActionMask = 2147483647;
			files = (
			);
			runOnlyForDeploymentPostprocessing = 0;
		};
/* End PBXFrameworksBuildPhase section */

/* Begin PBXGroup section */
		40C765EF1C37BDC300FEBEEA = {
			isa = PBXGroup;
			children = (
				40C765FA1C37BDC300FEBEEA /* FoodPin */,
				40C765F91C37BDC300FEBEEA /* Products */,
			);
			sourceTree = "<group>";
		};
		40C765F91C37BDC300FEBEEA /* Products */ = {
			isa = PBXGroup;
			children = (
				40C765F81C37BDC300FEBEEA /* FoodPin.app */,
			);
			name = Products;
			sourceTree = "<group>";
		};
		40C765FA1C37BDC300FEBEEA /* FoodPin */ = {
			isa = PBXGroup;
			children = (
				40E1BA021C38D36000C2FD75 /* Restaurant.swift */,
				40C765FB1C37BDC300FEBEEA /* AppDelegate.swift */,
				40C765FF1C37BDC300FEBEEA /* Main.storyboard */,
				40C766021C37BDC300FEBEEA /* Assets.xcassets */,
				40C766041C37BDC300FEBEEA /* LaunchScreen.storyboard */,
				40C766071C37BDC300FEBEEA /* Info.plist */,
				40C7660D1C37BF3500FEBEEA /* RestaurantTableViewController.swift */,
				40C7660F1C37C82400FEBEEA /* CustomTableViewCell.swift */,
				40E1BA001C38BB2300C2FD75 /* DetailViewController.swift */,
				40E1BA061C38E66600C2FD75 /* DetailTableViewCell.swift */,
			);
			path = FoodPin;
			sourceTree = "<group>";
		};
/* End PBXGroup section */

/* Begin PBXNativeTarget section */
		40C765F71C37BDC300FEBEEA /* FoodPin */ = {
			isa = PBXNativeTarget;
			buildConfigurationList = 40C7660A1C37BDC300FEBEEA /* Build configuration list for PBXNativeTarget "FoodPin" */;
			buildPhases = (
				40C765F41C37BDC300FEBEEA /* Sources */,
				40C765F51C37BDC300FEBEEA /* Frameworks */,
				40C765F61C37BDC300FEBEEA /* Resources */,
			);
			buildRules = (
			);
			dependencies = (
			);
			name = FoodPin;
			productName = FoodPin;
			productReference = 40C765F81C37BDC300FEBEEA /* FoodPin.app */;
			productType = "com.apple.product-type.application";
		};
/* End PBXNativeTarget section */

/* Begin PBXProject section */
		40C765F01C37BDC300FEBEEA /* Project object */ = {
			isa = PBXProject;
			attributes = {
				LastUpgradeCheck = 0700;
				ORGANIZATIONNAME = ThuraAung;
				TargetAttributes = {
					40C765F71C37BDC300FEBEEA = {
						CreatedOnToolsVersion = 7.0.1;
						DevelopmentTeam = 9PSJ842HYH;
					};
				};
			};
			buildConfigurationList = 40C765F31C37BDC300FEBEEA /* Build configuration list for PBXProject "FoodPin" */;
			compatibilityVersion = "Xcode 3.2";
			developmentRegion = English;
			hasScannedForEncodings = 0;
			knownRegions = (
				en,
				Base,
			);
			mainGroup = 40C765EF1C37BDC300FEBEEA;
			productRefGroup = 40C765F91C37BDC300FEBEEA /* Products */;
			projectDirPath = "";
			projectRoot = "";
			targets = (
				40C765F71C37BDC300FEBEEA /* FoodPin */,
			);
		};
/* End PBXProject section */

/* Begin PBXResourcesBuildPhase section */
		40C765F61C37BDC300FEBEEA /* Resources */ = {
			isa = PBXResourcesBuildPhase;
			buildActionMask = 2147483647;
			files = (
				40C766061C37BDC300FEBEEA /* LaunchScreen.storyboard in Resources */,
				40C766031C37BDC300FEBEEA /* Assets.xcassets in Resources */,
				40C766011C37BDC300FEBEEA /* Main.storyboard in Resources */,
			);
			runOnlyForDeploymentPostprocessing = 0;
		};
/* End PBXResourcesBuildPhase section */

/* Begin PBXSourcesBuildPhase section */
		40C765F41C37BDC300FEBEEA /* Sources */ = {
			isa = PBXSourcesBuildPhase;
			buildActionMask = 2147483647;
			files = (
				40E1BA071C38E66600C2FD75 /* DetailTableViewCell.swift in Sources */,
				40E1BA031C38D36000C2FD75 /* Restaurant.swift in Sources */,
				40C766101C37C82400FEBEEA /* CustomTableViewCell.swift in Sources */,
				40C7660E1C37BF3500FEBEEA /* RestaurantTableViewController.swift in Sources */,
				40C765FC1C37BDC300FEBEEA /* AppDelegate.swift in Sources */,
				40E1BA011C38BB2300C2FD75 /* DetailViewController.swift in Sources */,
			);
			runOnlyForDeploymentPostprocessing = 0;
		};
/* End PBXSourcesBuildPhase section */

/* Begin PBXVariantGroup section */
		40C765FF1C37BDC300FEBEEA /* Main.storyboard */ = {
			isa = PBXVariantGroup;
			children = (
				40C766001C37BDC300FEBEEA /* Base */,
			);
			name = Main.storyboard;
			sourceTree = "<group>";
		};
		40C766041C37BDC300FEBEEA /* LaunchScreen.storyboard */ = {
			isa = PBXVariantGroup;
			children = (
				40C766051C37BDC300FEBEEA /* Base */,
			);
			name = LaunchScreen.storyboard;
			sourceTree = "<group>";
		};
/* End PBXVariantGroup section */

/* Begin XCBuildConfiguration section */
		40C766081C37BDC300FEBEEA /* Debug */ = {
			isa = XCBuildConfiguration;
			buildSettings = {
				ALWAYS_SEARCH_USER_PATHS = NO;
				CLANG_CXX_LANGUAGE_STANDARD = "gnu++0x";
				CLANG_CXX_LIBRARY = "libc++";
				CLANG_ENABLE_MODULES = YES;
				CLANG_ENABLE_OBJC_ARC = YES;
				CLANG_WARN_BOOL_CONVERSION = YES;
				CLANG_WARN_CONSTANT_CONVERSION = YES;
				CLANG_WARN_DIRECT_OBJC_ISA_USAGE = YES_ERROR;
				CLANG_WARN_EMPTY_BODY = YES;
				CLANG_WARN_ENUM_CONVERSION = YES;
				CLANG_WARN_INT_CONVERSION = YES;
				CLANG_WARN_OBJC_ROOT_CLASS = YES_ERROR;
				CLANG_WARN_UNREACHABLE_CODE = YES;
				CLANG_WARN__DUPLICATE_METHOD_MATCH = YES;
				"CODE_SIGN_IDENTITY[sdk=iphoneos*]" = "iPhone Developer";
				COPY_PHASE_STRIP = NO;
				DEBUG_INFORMATION_FORMAT = dwarf;
				ENABLE_STRICT_OBJC_MSGSEND = YES;
				ENABLE_TESTABILITY = YES;
				GCC_C_LANGUAGE_STANDARD = gnu99;
				GCC_DYNAMIC_NO_PIC = NO;
				GCC_NO_COMMON_BLOCKS = YES;
				GCC_OPTIMIZATION_LEVEL = 0;
				GCC_PREPROCESSOR_DEFINITIONS = (
					"DEBUG=1",
					"$(inherited)",
				);
				GCC_WARN_64_TO_32_BIT_CONVERSION = YES;
				GCC_WARN_ABOUT_RETURN_TYPE = YES_ERROR;
				GCC_WARN_UNDECLARED_SELECTOR = YES;
				GCC_WARN_UNINITIALIZED_AUTOS = YES_AGGRESSIVE;
				GCC_WARN_UNUSED_FUNCTION = YES;
				GCC_WARN_UNUSED_VARIABLE = YES;
				IPHONEOS_DEPLOYMENT_TARGET = 9.0;
				MTL_ENABLE_DEBUG_INFO = YES;
				ONLY_ACTIVE_ARCH = YES;
				SDKROOT = iphoneos;
				SWIFT_OPTIMIZATION_LEVEL = "-Onone";
			};
			name = Debug;
		};
		40C766091C37BDC300FEBEEA /* Release */ = {
			isa = XCBuildConfiguration;
			buildSettings = {
				ALWAYS_SEARCH_USER_PATHS = NO;
				CLANG_CXX_LANGUAGE_STANDARD = "gnu++0x";
				CLANG_CXX_LIBRARY = "libc++";
				CLANG_ENABLE_MODULES = YES;
				CLANG_ENABLE_OBJC_ARC = YES;
				CLANG_WARN_BOOL_CONVERSION = YES;
				CLANG_WARN_CONSTANT_CONVERSION = YES;
				CLANG_WARN_DIRECT_OBJC_ISA_USAGE = YES_ERROR;
				CLANG_WARN_EMPTY_BODY = YES;
				CLANG_WARN_ENUM_CONVERSION = YES;
				CLANG_WARN_INT_CONVERSION = YES;
				CLANG_WARN_OBJC_ROOT_CLASS = YES_ERROR;
				CLANG_WARN_UNREACHABLE_CODE = YES;
				CLANG_WARN__DUPLICATE_METHOD_MATCH = YES;
				"CODE_SIGN_IDENTITY[sdk=iphoneos*]" = "iPhone Developer";
				COPY_PHASE_STRIP = NO;
				DEBUG_INFORMATION_FORMAT = "dwarf-with-dsym";
				ENABLE_NS_ASSERTIONS = NO;
				ENABLE_STRICT_OBJC_MSGSEND = YES;
				GCC_C_LANGUAGE_STANDARD = gnu99;
				GCC_NO_COMMON_BLOCKS = YES;
				GCC_WARN_64_TO_32_BIT_CONVERSION = YES;
				GCC_WARN_ABOUT_RETURN_TYPE = YES_ERROR;
				GCC_WARN_UNDECLARED_SELECTOR = YES;
				GCC_WARN_UNINITIALIZED_AUTOS = YES_AGGRESSIVE;
				GCC_WARN_UNUSED_FUNCTION = YES;
				GCC_WARN_UNUSED_VARIABLE = YES;
				IPHONEOS_DEPLOYMENT_TARGET = 9.0;
				MTL_ENABLE_DEBUG_INFO = NO;
				SDKROOT = iphoneos;
				VALIDATE_PRODUCT = YES;
			};
			name = Release;
		};
		40C7660B1C37BDC300FEBEEA /* Debug */ = {
			isa = XCBuildConfiguration;
			buildSettings = {
				ASSETCATALOG_COMPILER_APPICON_NAME = AppIcon;
				INFOPLIST_FILE = FoodPin/Info.plist;
				LD_RUNPATH_SEARCH_PATHS = "$(inherited) @executable_path/Frameworks";
				PRODUCT_BUNDLE_IDENTIFIER = edu.thura.FoodPin;
				PRODUCT_NAME = "$(TARGET_NAME)";
			};
			name = Debug;
		};
		40C7660C1C37BDC300FEBEEA /* Release */ = {
			isa = XCBuildConfiguration;
			buildSettings = {
				ASSETCATALOG_COMPILER_APPICON_NAME = AppIcon;
				INFOPLIST_FILE = FoodPin/Info.plist;
				LD_RUNPATH_SEARCH_PATHS = "$(inherited) @executable_path/Frameworks";
				PRODUCT_BUNDLE_IDENTIFIER = edu.thura.FoodPin;
				PRODUCT_NAME = "$(TARGET_NAME)";
			};
			name = Release;
		};
/* End XCBuildConfiguration section */

/* Begin XCConfigurationList section */
		40C765F31C37BDC300FEBEEA /* Build configuration list for PBXProject "FoodPin" */ = {
			isa = XCConfigurationList;
			buildConfigurations = (
				40C766081C37BDC300FEBEEA /* Debug */,
				40C766091C37BDC300FEBEEA /* Release */,
			);
			defaultConfigurationIsVisible = 0;
			defaultConfigurationName = Release;
		};
		40C7660A1C37BDC300FEBEEA /* Build configuration list for PBXNativeTarget "FoodPin" */ = {
			isa = XCConfigurationList;
			buildConfigurations = (
				40C7660B1C37BDC300FEBEEA /* Debug */,
				40C7660C1C37BDC300FEBEEA /* Release */,
			);
			defaultConfigurationIsVisible = 0;
			defaultConfigurationName = Release;
		};
/* End XCConfigurationList section */
	};
	rootObject = 40C765F01C37BDC300FEBEEA /* Project object */;
}
